
Microsoft Visual Studio Solution File, Format Version 12.00
# Visual Studio Version 17
VisualStudioVersion = 17.5.33530.505
MinimumVisualStudioVersion = 10.0.40219.1
Project("{2150E333-8FDC-42A3-9474-1A3956D46DE8}") = "Microservices", "Microservices", "{BB846983-1BD9-46A1-97D8-D06A48D280C4}"
EndProject
Project("{FAE04EC0-301F-11D3-BF4B-00C04F79EFBC}") = "Sliit.MTIT.Student", "Sliit.MTIT.Student\Sliit.MTIT.Student.csproj", "{2D7BFF92-D3EF-4F0F-802B-D330B07F3867}"
EndProject
Global
	GlobalSection(SolutionConfigurationPlatforms) = preSolution
		Debug|Any CPU = Debug|Any CPU
		Release|Any CPU = Release|Any CPU
	EndGlobalSection
	GlobalSection(ProjectConfigurationPlatforms) = postSolution
		{2D7BFF92-D3EF-4F0F-802B-D330B07F3867}.Debug|Any CPU.ActiveCfg = Debug|Any CPU
		{2D7BFF92-D3EF-4F0F-802B-D330B07F3867}.Debug|Any CPU.Build.0 = Debug|Any CPU
		{2D7BFF92-D3EF-4F0F-802B-D330B07F3867}.Release|Any CPU.ActiveCfg = Release|Any CPU
		{2D7BFF92-D3EF-4F0F-802B-D330B07F3867}.Release|Any CPU.Build.0 = Release|Any CPU
	EndGlobalSection
	GlobalSection(SolutionProperties) = preSolution
		HideSolutionNode = FALSE
	EndGlobalSection
	GlobalSection(NestedProjects) = preSolution
		{2D7BFF92-D3EF-4F0F-802B-D330B07F3867} = {BB846983-1BD9-46A1-97D8-D06A48D280C4}
	EndGlobalSection
	GlobalSection(ExtensibilityGlobals) = postSolution
		SolutionGuid = {1E09A687-78D6-4F7A-B934-429E6EB3D5CF}
	EndGlobalSection
EndGlobal
